
Microsoft Visual Studio Solution File, Format Version 12.00
# Visual Studio Version 16
VisualStudioVersion = 16.0.31702.278
MinimumVisualStudioVersion = 10.0.40219.1
Project("{9A19103F-16F7-4668-BE54-9A1E7A4F7556}") = "InDappledGroves", "InDappledGroves\InDappledGroves.csproj", "{D142BA0B-3EB4-4FEC-ABFE-0E777ED20A82}"
EndProject
Project("{FAE04EC0-301F-11D3-BF4B-00C04F79EFBC}") = "Launcher", "Launcher\Launcher.csproj", "{AA9E20B4-0BF3-4F7D-80C0-8EAD6196E578}"
	ProjectSection(ProjectDependencies) = postProject
		{D142BA0B-3EB4-4FEC-ABFE-0E777ED20A82} = {D142BA0B-3EB4-4FEC-ABFE-0E777ED20A82}
		{0B9FF445-E74E-4AB2-B10E-57BF965DE637} = {0B9FF445-E74E-4AB2-B10E-57BF965DE637}
	EndProjectSection
EndProject
Project("{9A19103F-16F7-4668-BE54-9A1E7A4F7556}") = "ALCMY1", "..\ALCMY1\ALCMY1\ALCMY1.csproj", "{0B9FF445-E74E-4AB2-B10E-57BF965DE637}"
EndProject
Global
	GlobalSection(SolutionConfigurationPlatforms) = preSolution
		Debug|Any CPU = Debug|Any CPU
		Release|Any CPU = Release|Any CPU
	EndGlobalSection
	GlobalSection(ProjectConfigurationPlatforms) = postSolution
		{D142BA0B-3EB4-4FEC-ABFE-0E777ED20A82}.Debug|Any CPU.ActiveCfg = Debug|Any CPU
		{D142BA0B-3EB4-4FEC-ABFE-0E777ED20A82}.Debug|Any CPU.Build.0 = Debug|Any CPU
		{D142BA0B-3EB4-4FEC-ABFE-0E777ED20A82}.Release|Any CPU.ActiveCfg = Release|Any CPU
		{D142BA0B-3EB4-4FEC-ABFE-0E777ED20A82}.Release|Any CPU.Build.0 = Release|Any CPU
		{AA9E20B4-0BF3-4F7D-80C0-8EAD6196E578}.Debug|Any CPU.ActiveCfg = Debug|Any CPU
		{AA9E20B4-0BF3-4F7D-80C0-8EAD6196E578}.Debug|Any CPU.Build.0 = Debug|Any CPU
		{AA9E20B4-0BF3-4F7D-80C0-8EAD6196E578}.Release|Any CPU.ActiveCfg = Release|Any CPU
		{AA9E20B4-0BF3-4F7D-80C0-8EAD6196E578}.Release|Any CPU.Build.0 = Release|Any CPU
		{0B9FF445-E74E-4AB2-B10E-57BF965DE637}.Debug|Any CPU.ActiveCfg = Debug|Any CPU
		{0B9FF445-E74E-4AB2-B10E-57BF965DE637}.Debug|Any CPU.Build.0 = Debug|Any CPU
		{0B9FF445-E74E-4AB2-B10E-57BF965DE637}.Release|Any CPU.ActiveCfg = Release|Any CPU
		{0B9FF445-E74E-4AB2-B10E-57BF965DE637}.Release|Any CPU.Build.0 = Release|Any CPU
	EndGlobalSection
	GlobalSection(SolutionProperties) = preSolution
		HideSolutionNode = FALSE
	EndGlobalSection
	GlobalSection(ExtensibilityGlobals) = postSolution
		SolutionGuid = {9E65230A-D60F-4CCC-806D-B488CB102579}
	EndGlobalSection
EndGlobal
